
Microsoft Visual Studio Solution File, Format Version 12.00
# Visual Studio Version 16
VisualStudioVersion = 16.0.30621.155
MinimumVisualStudioVersion = 10.0.40219.1
Project("{FAE04EC0-301F-11D3-BF4B-00C04F79EFBC}") = "LoginApp", "LoginApp.csproj", "{2A5A99CE-D157-4502-98A3-90D2A2652209}"
EndProject
Global
	GlobalSection(SolutionConfigurationPlatforms) = preSolution
		Debug|Any CPU = Debug|Any CPU
		Release|Any CPU = Release|Any CPU
	EndGlobalSection
	GlobalSection(ProjectConfigurationPlatforms) = postSolution
		{2A5A99CE-D157-4502-98A3-90D2A2652209}.Debug|Any CPU.ActiveCfg = Debug|Any CPU
		{2A5A99CE-D157-4502-98A3-90D2A2652209}.Debug|Any CPU.Build.0 = Debug|Any CPU
		{2A5A99CE-D157-4502-98A3-90D2A2652209}.Release|Any CPU.ActiveCfg = Release|Any CPU
		{2A5A99CE-D157-4502-98A3-90D2A2652209}.Release|Any CPU.Build.0 = Release|Any CPU
	EndGlobalSection
	GlobalSection(SolutionProperties) = preSolution
		HideSolutionNode = FALSE
	EndGlobalSection
	GlobalSection(ExtensibilityGlobals) = postSolution
		SolutionGuid = {74F5C6BD-8A4B-47F9-9CE9-18622765E296}
	EndGlobalSection
EndGlobal
